
Microsoft Visual Studio Solution File, Format Version 12.00
# Visual Studio Version 17
VisualStudioVersion = 17.10.35027.167
MinimumVisualStudioVersion = 10.0.40219.1
Project("{9A19103F-16F7-4668-BE54-9A1E7A4F7556}") = "ChatbotAPI", "ChatbotAPI\ChatbotAPI.csproj", "{ACD32FFE-766B-44FA-AE73-C53308013A2A}"
EndProject
Project("{FAE04EC0-301F-11D3-BF4B-00C04F79EFBC}") = "ChatbotFrontendBlazor", "ChatbotFrontendBlazor\ChatbotFrontendBlazor.csproj", "{D4ABB66F-BA20-4A45-ABA6-19541F304245}"
EndProject
Global
	GlobalSection(SolutionConfigurationPlatforms) = preSolution
		Debug|Any CPU = Debug|Any CPU
		Release|Any CPU = Release|Any CPU
	EndGlobalSection
	GlobalSection(ProjectConfigurationPlatforms) = postSolution
		{ACD32FFE-766B-44FA-AE73-C53308013A2A}.Debug|Any CPU.ActiveCfg = Debug|Any CPU
		{ACD32FFE-766B-44FA-AE73-C53308013A2A}.Debug|Any CPU.Build.0 = Debug|Any CPU
		{ACD32FFE-766B-44FA-AE73-C53308013A2A}.Release|Any CPU.ActiveCfg = Release|Any CPU
		{ACD32FFE-766B-44FA-AE73-C53308013A2A}.Release|Any CPU.Build.0 = Release|Any CPU
		{D4ABB66F-BA20-4A45-ABA6-19541F304245}.Debug|Any CPU.ActiveCfg = Debug|Any CPU
		{D4ABB66F-BA20-4A45-ABA6-19541F304245}.Debug|Any CPU.Build.0 = Debug|Any CPU
		{D4ABB66F-BA20-4A45-ABA6-19541F304245}.Release|Any CPU.ActiveCfg = Release|Any CPU
		{D4ABB66F-BA20-4A45-ABA6-19541F304245}.Release|Any CPU.Build.0 = Release|Any CPU
	EndGlobalSection
	GlobalSection(SolutionProperties) = preSolution
		HideSolutionNode = FALSE
	EndGlobalSection
	GlobalSection(ExtensibilityGlobals) = postSolution
		SolutionGuid = {9BB5819A-39B1-44C6-A5F3-B6DC578A16C8}
	EndGlobalSection
EndGlobal
